
Microsoft Visual Studio Solution File, Format Version 12.00
# Visual Studio Version 16
VisualStudioVersion = 16.0.29613.14
MinimumVisualStudioVersion = 10.0.40219.1
Project("{FAE04EC0-301F-11D3-BF4B-00C04F79EFBC}") = "WebApplication1", "WebApplication1.csproj", "{F99922AC-8E0F-4004-9D73-2D6B7ED05C1D}"
EndProject
Global
	GlobalSection(SolutionConfigurationPlatforms) = preSolution
		Debug|Any CPU = Debug|Any CPU
		Release|Any CPU = Release|Any CPU
	EndGlobalSection
	GlobalSection(ProjectConfigurationPlatforms) = postSolution
		{F99922AC-8E0F-4004-9D73-2D6B7ED05C1D}.Debug|Any CPU.ActiveCfg = Debug|Any CPU
		{F99922AC-8E0F-4004-9D73-2D6B7ED05C1D}.Debug|Any CPU.Build.0 = Debug|Any CPU
		{F99922AC-8E0F-4004-9D73-2D6B7ED05C1D}.Release|Any CPU.ActiveCfg = Release|Any CPU
		{F99922AC-8E0F-4004-9D73-2D6B7ED05C1D}.Release|Any CPU.Build.0 = Release|Any CPU
	EndGlobalSection
	GlobalSection(SolutionProperties) = preSolution
		HideSolutionNode = FALSE
	EndGlobalSection
	GlobalSection(ExtensibilityGlobals) = postSolution
		SolutionGuid = {99D4935C-1388-45BA-9722-5634BAEBA6A1}
	EndGlobalSection
EndGlobal
