
Microsoft Visual Studio Solution File, Format Version 12.00
# Visual Studio Version 16
VisualStudioVersion = 16.0.29613.14
MinimumVisualStudioVersion = 10.0.40219.1
Project("{FAE04EC0-301F-11D3-BF4B-00C04F79EFBC}") = "WEB", "WEB.csproj", "{CC71E946-DA3A-41C5-9A62-F7445A084F60}"
EndProject
Global
	GlobalSection(SolutionConfigurationPlatforms) = preSolution
		Debug|Any CPU = Debug|Any CPU
		Release|Any CPU = Release|Any CPU
	EndGlobalSection
	GlobalSection(ProjectConfigurationPlatforms) = postSolution
		{CC71E946-DA3A-41C5-9A62-F7445A084F60}.Debug|Any CPU.ActiveCfg = Debug|Any CPU
		{CC71E946-DA3A-41C5-9A62-F7445A084F60}.Debug|Any CPU.Build.0 = Debug|Any CPU
		{CC71E946-DA3A-41C5-9A62-F7445A084F60}.Release|Any CPU.ActiveCfg = Release|Any CPU
		{CC71E946-DA3A-41C5-9A62-F7445A084F60}.Release|Any CPU.Build.0 = Release|Any CPU
	EndGlobalSection
	GlobalSection(SolutionProperties) = preSolution
		HideSolutionNode = FALSE
	EndGlobalSection
	GlobalSection(ExtensibilityGlobals) = postSolution
		SolutionGuid = {701C6867-B96F-47A4-AD19-5132C1EB0C65}
	EndGlobalSection
EndGlobal
